
Microsoft Visual Studio Solution File, Format Version 12.00
# Visual Studio Version 17
VisualStudioVersion = 17.3.32929.385
MinimumVisualStudioVersion = 10.0.40219.1
Project("{9A19103F-16F7-4668-BE54-9A1E7A4F7556}") = "GraduateWorkSudokuSlover", "GraduateWorkSudokuSlover\GraduateWorkSudokuSlover.csproj", "{F783BDD6-C6A6-4C00-95B2-3B6526C16CDF}"
EndProject
Project("{54435603-DBB4-11D2-8724-00A0C9A8B90C}") = "SetupSudokuSlover", "SetupSudokuSlover\SetupSudokuSlover.vdproj", "{AA693684-ADA4-4461-B0C7-8DC50A95E6BA}"
EndProject
Global
	GlobalSection(SolutionConfigurationPlatforms) = preSolution
		Debug|Any CPU = Debug|Any CPU
		Release|Any CPU = Release|Any CPU
	EndGlobalSection
	GlobalSection(ProjectConfigurationPlatforms) = postSolution
		{F783BDD6-C6A6-4C00-95B2-3B6526C16CDF}.Debug|Any CPU.ActiveCfg = Debug|Any CPU
		{F783BDD6-C6A6-4C00-95B2-3B6526C16CDF}.Debug|Any CPU.Build.0 = Debug|Any CPU
		{F783BDD6-C6A6-4C00-95B2-3B6526C16CDF}.Release|Any CPU.ActiveCfg = Release|Any CPU
		{F783BDD6-C6A6-4C00-95B2-3B6526C16CDF}.Release|Any CPU.Build.0 = Release|Any CPU
		{AA693684-ADA4-4461-B0C7-8DC50A95E6BA}.Debug|Any CPU.ActiveCfg = Debug
		{AA693684-ADA4-4461-B0C7-8DC50A95E6BA}.Release|Any CPU.ActiveCfg = Release
	EndGlobalSection
	GlobalSection(SolutionProperties) = preSolution
		HideSolutionNode = FALSE
	EndGlobalSection
	GlobalSection(ExtensibilityGlobals) = postSolution
		SolutionGuid = {6563AB7C-2969-4855-BEDC-EAAB7ED69FFE}
	EndGlobalSection
EndGlobal
